// !$*UTF8*$!
{
	archiveVersion = 1;
	classes = {
	};
	objectVersion = 46;
	objects = {

/* Begin PBXBuildFile section */
		0F19C2561503A1B8002CFB62 /* UIKit.framework in Frameworks */ = {isa = PBXBuildFile; fileRef = 0F19C2551503A1B8002CFB62 /* UIKit.framework */; };
		0F19C2581503A1B8002CFB62 /* Foundation.framework in Frameworks */ = {isa = PBXBuildFile; fileRef = 0F19C2571503A1B8002CFB62 /* Foundation.framework */; };
		0F19C25A1503A1B8002CFB62 /* CoreGraphics.framework in Frameworks */ = {isa = PBXBuildFile; fileRef = 0F19C2591503A1B8002CFB62 /* CoreGraphics.framework */; };
		0F19C2601503A1B8002CFB62 /* InfoPlist.strings in Resources */ = {isa = PBXBuildFile; fileRef = 0F19C25E1503A1B8002CFB62 /* InfoPlist.strings */; };
		0F19C2621503A1B8002CFB62 /* main.m in Sources */ = {isa = PBXBuildFile; fileRef = 0F19C2611503A1B8002CFB62 /* main.m */; };
		0F19C2661503A1B8002CFB62 /* AppDelegate.m in Sources */ = {isa = PBXBuildFile; fileRef = 0F19C2651503A1B8002CFB62 /* AppDelegate.m */; };
		0F19C2691503A1B8002CFB62 /* ViewController.m in Sources */ = {isa = PBXBuildFile; fileRef = 0F19C2681503A1B8002CFB62 /* ViewController.m */; };
		0FEAB99E15821B590027B46A /* MobFox_Logo.png in Resources */ = {isa = PBXBuildFile; fileRef = 0FEAB99D15821B590027B46A /* MobFox_Logo.png */; };
		902483C91A35EA1F00DEF74D /* ConfigurePublisherIdsView.xib in Resources */ = {isa = PBXBuildFile; fileRef = 902483C81A35EA1F00DEF74D /* ConfigurePublisherIdsView.xib */; };
		902483CC1A36E11E00DEF74D /* ConfigurePublishedIdsViewController.m in Sources */ = {isa = PBXBuildFile; fileRef = 902483CB1A36E11E00DEF74D /* ConfigurePublishedIdsViewController.m */; };
		904E041A1ACBED980080C634 /* GoogleMobileAds.framework in Frameworks */ = {isa = PBXBuildFile; fileRef = 904E04191ACBED980080C634 /* GoogleMobileAds.framework */; };
		905D81B0184CC1FD007AF71F /* SystemConfiguration.framework in Frameworks */ = {isa = PBXBuildFile; fileRef = 90CB639E184777D8000F7634 /* SystemConfiguration.framework */; };
		905D81B1184CC204007AF71F /* MessageUI.framework in Frameworks */ = {isa = PBXBuildFile; fileRef = 90CB639C1847764E000F7634 /* MessageUI.framework */; };
		905D81B2184CC20C007AF71F /* EventKit.framework in Frameworks */ = {isa = PBXBuildFile; fileRef = 90CB63941847757D000F7634 /* EventKit.framework */; };
		905D81B3184CC20C007AF71F /* EventKitUI.framework in Frameworks */ = {isa = PBXBuildFile; fileRef = 90CB63951847757D000F7634 /* EventKitUI.framework */; };
		905D81B4184CC212007AF71F /* StoreKit.framework in Frameworks */ = {isa = PBXBuildFile; fileRef = E381B606161F6D85001E2FA7 /* StoreKit.framework */; };
		905D81B5184CC219007AF71F /* AdSupport.framework in Frameworks */ = {isa = PBXBuildFile; fileRef = E3948850160C6EAB006092B8 /* AdSupport.framework */; };
		905D81B6184CC220007AF71F /* CoreLocation.framework in Frameworks */ = {isa = PBXBuildFile; fileRef = 0F19C2771503A1FD002CFB62 /* CoreLocation.framework */; };
		905D81B7184CC226007AF71F /* MediaPlayer.framework in Frameworks */ = {isa = PBXBuildFile; fileRef = 0F19C2751503A1EC002CFB62 /* MediaPlayer.framework */; };
		9070CB501A64076500125324 /* Images.xcassets in Resources */ = {isa = PBXBuildFile; fileRef = 9070CB4F1A64076500125324 /* Images.xcassets */; };
		9070CB521A650FB500125324 /* MobFox_Logo@2x.png in Resources */ = {isa = PBXBuildFile; fileRef = 9070CB511A650FB500125324 /* MobFox_Logo@2x.png */; };
		90A1AF5818FD6C6900F99322 /* iAd.framework in Frameworks */ = {isa = PBXBuildFile; fileRef = 90A1AF5718FD6C6900F99322 /* iAd.framework */; };
		90A1AF5A18FD6C9500F99322 /* AVFoundation.framework in Frameworks */ = {isa = PBXBuildFile; fileRef = 90A1AF5918FD6C9500F99322 /* AVFoundation.framework */; };
		90A1AF5C18FD6C9B00F99322 /* AudioToolbox.framework in Frameworks */ = {isa = PBXBuildFile; fileRef = 90A1AF5B18FD6C9B00F99322 /* AudioToolbox.framework */; };
		90AC3AC6193C64AD0021402D /* NativeAdView_big.xib in Resources */ = {isa = PBXBuildFile; fileRef = 90AC3AC2193C64AD0021402D /* NativeAdView_big.xib */; };
		90AC3AC7193C64AD0021402D /* NativeAdView_small.xib in Resources */ = {isa = PBXBuildFile; fileRef = 90AC3AC3193C64AD0021402D /* NativeAdView_small.xib */; };
		90AC3AC8193C64AD0021402D /* ViewController_iPad.xib in Resources */ = {isa = PBXBuildFile; fileRef = 90AC3AC4193C64AD0021402D /* ViewController_iPad.xib */; };
		90AC3AC9193C64AD0021402D /* ViewController_iPhone.xib in Resources */ = {isa = PBXBuildFile; fileRef = 90AC3AC5193C64AD0021402D /* ViewController_iPhone.xib */; };
		90CB639918477599000F7634 /* CoreTelephony.framework in Frameworks */ = {isa = PBXBuildFile; fileRef = 90CB639818477599000F7634 /* CoreTelephony.framework */; };
		E3948855160C7045006092B8 /* Default-568h@2x.png in Resources */ = {isa = PBXBuildFile; fileRef = E3948854160C7045006092B8 /* Default-568h@2x.png */; };
		E7C4CF001B2836AE00C030BC /* CoreMotion.framework in Frameworks */ = {isa = PBXBuildFile; fileRef = E7C4CEFF1B2836AE00C030BC /* CoreMotion.framework */; };
		E7C4CF021B28370300C030BC /* WebKit.framework in Frameworks */ = {isa = PBXBuildFile; fileRef = E7C4CF011B28370300C030BC /* WebKit.framework */; };
		E7C4CF041B28376C00C030BC /* libsqlite3.dylib in Frameworks */ = {isa = PBXBuildFile; fileRef = E7C4CF031B28376C00C030BC /* libsqlite3.dylib */; };
		E7C4CF061B28381500C030BC /* Social.framework in Frameworks */ = {isa = PBXBuildFile; fileRef = E7C4CF051B28381500C030BC /* Social.framework */; };
		E7C4CF081B28381A00C030BC /* Accounts.framework in Frameworks */ = {isa = PBXBuildFile; fileRef = E7C4CF071B28381A00C030BC /* Accounts.framework */; };
		E7C4CF0A1B28387500C030BC /* libz.dylib in Frameworks */ = {isa = PBXBuildFile; fileRef = E7C4CF091B28387500C030BC /* libz.dylib */; };
		E7E723351B651A530094C550 /* MobFox.framework in Frameworks */ = {isa = PBXBuildFile; fileRef = E7E7231E1B651A530094C550 /* MobFox.framework */; };
		E7E723361B651A530094C550 /* __vungle.db in Resources */ = {isa = PBXBuildFile; fileRef = E7E723201B651A530094C550 /* __vungle.db */; };
		E7E723371B651A530094C550 /* fallback_320x480.mustache in Resources */ = {isa = PBXBuildFile; fileRef = E7E723211B651A530094C550 /* fallback_320x480.mustache */; };
		E7E723381B651A530094C550 /* fallback_320x50.mustache in Resources */ = {isa = PBXBuildFile; fileRef = E7E723221B651A530094C550 /* fallback_320x50.mustache */; };
		E7E723391B651A530094C550 /* index.html in Resources */ = {isa = PBXBuildFile; fileRef = E7E723231B651A530094C550 /* index.html */; };
		E7E7233A1B651A530094C550 /* inline-video.js in Resources */ = {isa = PBXBuildFile; fileRef = E7E723241B651A530094C550 /* inline-video.js */; };
		E7E7233B1B651A530094C550 /* libs.js in Resources */ = {isa = PBXBuildFile; fileRef = E7E723251B651A530094C550 /* libs.js */; };
		E7E7233C1B651A530094C550 /* LICENSE in Resources */ = {isa = PBXBuildFile; fileRef = E7E723261B651A530094C550 /* LICENSE */; };
		E7E7233D1B651A530094C550 /* LICENSE.txt in Resources */ = {isa = PBXBuildFile; fileRef = E7E723271B651A530094C550 /* LICENSE.txt */; };
		E7E7233E1B651A530094C550 /* MPAdBrowserControllerMF.nib in Resources */ = {isa = PBXBuildFile; fileRef = E7E723281B651A530094C550 /* MPAdBrowserControllerMF.nib */; };
		E7E7233F1B651A530094C550 /* MPCloseButtonX.png in Resources */ = {isa = PBXBuildFile; fileRef = E7E723291B651A530094C550 /* MPCloseButtonX.png */; };
		E7E723401B651A530094C550 /* MPCloseButtonX@2x.png in Resources */ = {isa = PBXBuildFile; fileRef = E7E7232A1B651A530094C550 /* MPCloseButtonX@2x.png */; };
		E7E723411B651A530094C550 /* MRAID.bundle in Resources */ = {isa = PBXBuildFile; fileRef = E7E7232B1B651A530094C550 /* MRAID.bundle */; };
		E7E723421B651A530094C550 /* README.markdown in Sources */ = {isa = PBXBuildFile; fileRef = E7E7232C1B651A530094C550 /* README.markdown */; };
		E7E723431B651A530094C550 /* README.md in Sources */ = {isa = PBXBuildFile; fileRef = E7E7232D1B651A530094C550 /* README.md */; };
		E7E723441B651A530094C550 /* render_template.html in Resources */ = {isa = PBXBuildFile; fileRef = E7E7232E1B651A530094C550 /* render_template.html */; };
		E7E723451B651A530094C550 /* vg_close.png in Resources */ = {isa = PBXBuildFile; fileRef = E7E7232F1B651A530094C550 /* vg_close.png */; };
		E7E723461B651A530094C550 /* vg_cta.png in Resources */ = {isa = PBXBuildFile; fileRef = E7E723301B651A530094C550 /* vg_cta.png */; };
		E7E723471B651A530094C550 /* vg_mute_off.png in Resources */ = {isa = PBXBuildFile; fileRef = E7E723311B651A530094C550 /* vg_mute_off.png */; };
		E7E723481B651A530094C550 /* vg_mute_on.png in Resources */ = {isa = PBXBuildFile; fileRef = E7E723321B651A530094C550 /* vg_mute_on.png */; };
		E7E723491B651A530094C550 /* vg_timer.png in Resources */ = {isa = PBXBuildFile; fileRef = E7E723331B651A530094C550 /* vg_timer.png */; };
		E7E7234A1B651A530094C550 /* WebViewJavascriptBridge.js.txt in Resources */ = {isa = PBXBuildFile; fileRef = E7E723341B651A530094C550 /* WebViewJavascriptBridge.js.txt */; };
/* End PBXBuildFile section */

/* Begin PBXFileReference section */
		0F19C2511503A1B8002CFB62 /* MobFoxDemo.app */ = {isa = PBXFileReference; explicitFileType = wrapper.application; includeInIndex = 0; path = MobFoxDemo.app; sourceTree = BUILT_PRODUCTS_DIR; };
		0F19C2551503A1B8002CFB62 /* UIKit.framework */ = {isa = PBXFileReference; lastKnownFileType = wrapper.framework; name = UIKit.framework; path = System/Library/Frameworks/UIKit.framework; sourceTree = SDKROOT; };
		0F19C2571503A1B8002CFB62 /* Foundation.framework */ = {isa = PBXFileReference; lastKnownFileType = wrapper.framework; name = Foundation.framework; path = System/Library/Frameworks/Foundation.framework; sourceTree = SDKROOT; };
		0F19C2591503A1B8002CFB62 /* CoreGraphics.framework */ = {isa = PBXFileReference; lastKnownFileType = wrapper.framework; name = CoreGraphics.framework; path = System/Library/Frameworks/CoreGraphics.framework; sourceTree = SDKROOT; };
		0F19C25D1503A1B8002CFB62 /* MobFoxDemo-Info.plist */ = {isa = PBXFileReference; lastKnownFileType = text.plist.xml; path = "MobFoxDemo-Info.plist"; sourceTree = "<group>"; };
		0F19C25F1503A1B8002CFB62 /* en */ = {isa = PBXFileReference; lastKnownFileType = text.plist.strings; name = en; path = en.lproj/InfoPlist.strings; sourceTree = "<group>"; };
		0F19C2611503A1B8002CFB62 /* main.m */ = {isa = PBXFileReference; lastKnownFileType = sourcecode.c.objc; path = main.m; sourceTree = "<group>"; };
		0F19C2631503A1B8002CFB62 /* MobFoxDemo-Prefix.pch */ = {isa = PBXFileReference; lastKnownFileType = sourcecode.c.h; path = "MobFoxDemo-Prefix.pch"; sourceTree = "<group>"; };
		0F19C2641503A1B8002CFB62 /* AppDelegate.h */ = {isa = PBXFileReference; lastKnownFileType = sourcecode.c.h; path = AppDelegate.h; sourceTree = "<group>"; };
		0F19C2651503A1B8002CFB62 /* AppDelegate.m */ = {isa = PBXFileReference; lastKnownFileType = sourcecode.c.objc; path = AppDelegate.m; sourceTree = "<group>"; };
		0F19C2671503A1B8002CFB62 /* ViewController.h */ = {isa = PBXFileReference; lastKnownFileType = sourcecode.c.h; path = ViewController.h; sourceTree = "<group>"; };
		0F19C2681503A1B8002CFB62 /* ViewController.m */ = {isa = PBXFileReference; lastKnownFileType = sourcecode.c.objc; path = ViewController.m; sourceTree = "<group>"; };
		0F19C2751503A1EC002CFB62 /* MediaPlayer.framework */ = {isa = PBXFileReference; lastKnownFileType = wrapper.framework; name = MediaPlayer.framework; path = System/Library/Frameworks/MediaPlayer.framework; sourceTree = SDKROOT; };
		0F19C2771503A1FD002CFB62 /* CoreLocation.framework */ = {isa = PBXFileReference; lastKnownFileType = wrapper.framework; name = CoreLocation.framework; path = System/Library/Frameworks/CoreLocation.framework; sourceTree = SDKROOT; };
		0FEAB99D15821B590027B46A /* MobFox_Logo.png */ = {isa = PBXFileReference; lastKnownFileType = image.png; path = MobFox_Logo.png; sourceTree = "<group>"; };
		902483C81A35EA1F00DEF74D /* ConfigurePublisherIdsView.xib */ = {isa = PBXFileReference; fileEncoding = 4; lastKnownFileType = file.xib; path = ConfigurePublisherIdsView.xib; sourceTree = "<group>"; };
		902483CA1A36E11E00DEF74D /* ConfigurePublishedIdsViewController.h */ = {isa = PBXFileReference; fileEncoding = 4; lastKnownFileType = sourcecode.c.h; path = ConfigurePublishedIdsViewController.h; sourceTree = "<group>"; };
		902483CB1A36E11E00DEF74D /* ConfigurePublishedIdsViewController.m */ = {isa = PBXFileReference; fileEncoding = 4; lastKnownFileType = sourcecode.c.objc; path = ConfigurePublishedIdsViewController.m; sourceTree = "<group>"; };
		904E04191ACBED980080C634 /* GoogleMobileAds.framework */ = {isa = PBXFileReference; lastKnownFileType = wrapper.framework; path = GoogleMobileAds.framework; sourceTree = "<group>"; };
		9070CB4F1A64076500125324 /* Images.xcassets */ = {isa = PBXFileReference; lastKnownFileType = folder.assetcatalog; path = Images.xcassets; sourceTree = "<group>"; };
		9070CB511A650FB500125324 /* MobFox_Logo@2x.png */ = {isa = PBXFileReference; lastKnownFileType = image.png; path = "MobFox_Logo@2x.png"; sourceTree = "<group>"; };
		90A1AF5718FD6C6900F99322 /* iAd.framework */ = {isa = PBXFileReference; lastKnownFileType = wrapper.framework; name = iAd.framework; path = System/Library/Frameworks/iAd.framework; sourceTree = SDKROOT; };
		90A1AF5918FD6C9500F99322 /* AVFoundation.framework */ = {isa = PBXFileReference; lastKnownFileType = wrapper.framework; name = AVFoundation.framework; path = System/Library/Frameworks/AVFoundation.framework; sourceTree = SDKROOT; };
		90A1AF5B18FD6C9B00F99322 /* AudioToolbox.framework */ = {isa = PBXFileReference; lastKnownFileType = wrapper.framework; name = AudioToolbox.framework; path = System/Library/Frameworks/AudioToolbox.framework; sourceTree = SDKROOT; };
		90AC3AC2193C64AD0021402D /* NativeAdView_big.xib */ = {isa = PBXFileReference; fileEncoding = 4; lastKnownFileType = file.xib; path = NativeAdView_big.xib; sourceTree = "<group>"; };
		90AC3AC3193C64AD0021402D /* NativeAdView_small.xib */ = {isa = PBXFileReference; fileEncoding = 4; lastKnownFileType = file.xib; path = NativeAdView_small.xib; sourceTree = "<group>"; };
		90AC3AC4193C64AD0021402D /* ViewController_iPad.xib */ = {isa = PBXFileReference; fileEncoding = 4; lastKnownFileType = file.xib; path = ViewController_iPad.xib; sourceTree = "<group>"; };
		90AC3AC5193C64AD0021402D /* ViewController_iPhone.xib */ = {isa = PBXFileReference; fileEncoding = 4; lastKnownFileType = file.xib; path = ViewController_iPhone.xib; sourceTree = "<group>"; };
		90CB63941847757D000F7634 /* EventKit.framework */ = {isa = PBXFileReference; lastKnownFileType = wrapper.framework; name = EventKit.framework; path = System/Library/Frameworks/EventKit.framework; sourceTree = SDKROOT; };
		90CB63951847757D000F7634 /* EventKitUI.framework */ = {isa = PBXFileReference; lastKnownFileType = wrapper.framework; name = EventKitUI.framework; path = System/Library/Frameworks/EventKitUI.framework; sourceTree = SDKROOT; };
		90CB639818477599000F7634 /* CoreTelephony.framework */ = {isa = PBXFileReference; lastKnownFileType = wrapper.framework; name = CoreTelephony.framework; path = System/Library/Frameworks/CoreTelephony.framework; sourceTree = SDKROOT; };
		90CB639A184775BB000F7634 /* CFNetwork.framework */ = {isa = PBXFileReference; lastKnownFileType = wrapper.framework; name = CFNetwork.framework; path = System/Library/Frameworks/CFNetwork.framework; sourceTree = SDKROOT; };
		90CB639C1847764E000F7634 /* MessageUI.framework */ = {isa = PBXFileReference; lastKnownFileType = wrapper.framework; name = MessageUI.framework; path = System/Library/Frameworks/MessageUI.framework; sourceTree = SDKROOT; };
		90CB639E184777D8000F7634 /* SystemConfiguration.framework */ = {isa = PBXFileReference; lastKnownFileType = wrapper.framework; name = SystemConfiguration.framework; path = System/Library/Frameworks/SystemConfiguration.framework; sourceTree = SDKROOT; };
		E381B606161F6D85001E2FA7 /* StoreKit.framework */ = {isa = PBXFileReference; lastKnownFileType = wrapper.framework; name = StoreKit.framework; path = System/Library/Frameworks/StoreKit.framework; sourceTree = SDKROOT; };
		E3948850160C6EAB006092B8 /* AdSupport.framework */ = {isa = PBXFileReference; lastKnownFileType = wrapper.framework; name = AdSupport.framework; path = System/Library/Frameworks/AdSupport.framework; sourceTree = SDKROOT; };
		E3948854160C7045006092B8 /* Default-568h@2x.png */ = {isa = PBXFileReference; lastKnownFileType = image.png; path = "Default-568h@2x.png"; sourceTree = "<group>"; };
		E7C4CEFF1B2836AE00C030BC /* CoreMotion.framework */ = {isa = PBXFileReference; lastKnownFileType = wrapper.framework; name = CoreMotion.framework; path = System/Library/Frameworks/CoreMotion.framework; sourceTree = SDKROOT; };
		E7C4CF011B28370300C030BC /* WebKit.framework */ = {isa = PBXFileReference; lastKnownFileType = wrapper.framework; name = WebKit.framework; path = System/Library/Frameworks/WebKit.framework; sourceTree = SDKROOT; };
		E7C4CF031B28376C00C030BC /* libsqlite3.dylib */ = {isa = PBXFileReference; lastKnownFileType = "compiled.mach-o.dylib"; name = libsqlite3.dylib; path = usr/lib/libsqlite3.dylib; sourceTree = SDKROOT; };
		E7C4CF051B28381500C030BC /* Social.framework */ = {isa = PBXFileReference; lastKnownFileType = wrapper.framework; name = Social.framework; path = System/Library/Frameworks/Social.framework; sourceTree = SDKROOT; };
		E7C4CF071B28381A00C030BC /* Accounts.framework */ = {isa = PBXFileReference; lastKnownFileType = wrapper.framework; name = Accounts.framework; path = System/Library/Frameworks/Accounts.framework; sourceTree = SDKROOT; };
		E7C4CF091B28387500C030BC /* libz.dylib */ = {isa = PBXFileReference; lastKnownFileType = "compiled.mach-o.dylib"; name = libz.dylib; path = usr/lib/libz.dylib; sourceTree = SDKROOT; };
		E7E7231E1B651A530094C550 /* MobFox.framework */ = {isa = PBXFileReference; lastKnownFileType = wrapper.framework; path = MobFox.framework; sourceTree = "<group>"; };
		E7E723201B651A530094C550 /* __vungle.db */ = {isa = PBXFileReference; lastKnownFileType = file; path = __vungle.db; sourceTree = "<group>"; };
		E7E723211B651A530094C550 /* fallback_320x480.mustache */ = {isa = PBXFileReference; fileEncoding = 4; lastKnownFileType = text; path = fallback_320x480.mustache; sourceTree = "<group>"; };
		E7E723221B651A530094C550 /* fallback_320x50.mustache */ = {isa = PBXFileReference; fileEncoding = 4; lastKnownFileType = text; path = fallback_320x50.mustache; sourceTree = "<group>"; };
		E7E723231B651A530094C550 /* index.html */ = {isa = PBXFileReference; fileEncoding = 4; lastKnownFileType = text.html; path = index.html; sourceTree = "<group>"; };
		E7E723241B651A530094C550 /* inline-video.js */ = {isa = PBXFileReference; fileEncoding = 4; lastKnownFileType = sourcecode.javascript; path = "inline-video.js"; sourceTree = "<group>"; };
		E7E723251B651A530094C550 /* libs.js */ = {isa = PBXFileReference; fileEncoding = 4; lastKnownFileType = sourcecode.javascript; path = libs.js; sourceTree = "<group>"; };
		E7E723261B651A530094C550 /* LICENSE */ = {isa = PBXFileReference; fileEncoding = 4; lastKnownFileType = text; path = LICENSE; sourceTree = "<group>"; };
		E7E723271B651A530094C550 /* LICENSE.txt */ = {isa = PBXFileReference; fileEncoding = 4; lastKnownFileType = text; path = LICENSE.txt; sourceTree = "<group>"; };
		E7E723281B651A530094C550 /* MPAdBrowserControllerMF.nib */ = {isa = PBXFileReference; lastKnownFileType = file.bplist; path = MPAdBrowserControllerMF.nib; sourceTree = "<group>"; };
		E7E723291B651A530094C550 /* MPCloseButtonX.png */ = {isa = PBXFileReference; lastKnownFileType = image.png; path = MPCloseButtonX.png; sourceTree = "<group>"; };
		E7E7232A1B651A530094C550 /* MPCloseButtonX@2x.png */ = {isa = PBXFileReference; lastKnownFileType = image.png; path = "MPCloseButtonX@2x.png"; sourceTree = "<group>"; };
		E7E7232B1B651A530094C550 /* MRAID.bundle */ = {isa = PBXFileReference; lastKnownFileType = "wrapper.plug-in"; path = MRAID.bundle; sourceTree = "<group>"; };
		E7E7232C1B651A530094C550 /* README.markdown */ = {isa = PBXFileReference; fileEncoding = 4; lastKnownFileType = net.daringfireball.markdown; path = README.markdown; sourceTree = "<group>"; };
		E7E7232D1B651A530094C550 /* README.md */ = {isa = PBXFileReference; fileEncoding = 4; lastKnownFileType = net.daringfireball.markdown; path = README.md; sourceTree = "<group>"; };
		E7E7232E1B651A530094C550 /* render_template.html */ = {isa = PBXFileReference; fileEncoding = 4; lastKnownFileType = text.html; path = render_template.html; sourceTree = "<group>"; };
		E7E7232F1B651A530094C550 /* vg_close.png */ = {isa = PBXFileReference; lastKnownFileType = image.png; path = vg_close.png; sourceTree = "<group>"; };
		E7E723301B651A530094C550 /* vg_cta.png */ = {isa = PBXFileReference; lastKnownFileType = image.png; path = vg_cta.png; sourceTree = "<group>"; };
		E7E723311B651A530094C550 /* vg_mute_off.png */ = {isa = PBXFileReference; lastKnownFileType = image.png; path = vg_mute_off.png; sourceTree = "<group>"; };
		E7E723321B651A530094C550 /* vg_mute_on.png */ = {isa = PBXFileReference; lastKnownFileType = image.png; path = vg_mute_on.png; sourceTree = "<group>"; };
		E7E723331B651A530094C550 /* vg_timer.png */ = {isa = PBXFileReference; lastKnownFileType = image.png; path = vg_timer.png; sourceTree = "<group>"; };
		E7E723341B651A530094C550 /* WebViewJavascriptBridge.js.txt */ = {isa = PBXFileReference; fileEncoding = 4; lastKnownFileType = text; path = WebViewJavascriptBridge.js.txt; sourceTree = "<group>"; };
/* End PBXFileReference section */

/* Begin PBXFrameworksBuildPhase section */
		0F19C24E1503A1B8002CFB62 /* Frameworks */ = {
			isa = PBXFrameworksBuildPhase;
			buildActionMask = 2147483647;
			files = (
				E7C4CF0A1B28387500C030BC /* libz.dylib in Frameworks */,
				E7C4CF081B28381A00C030BC /* Accounts.framework in Frameworks */,
				E7C4CF061B28381500C030BC /* Social.framework in Frameworks */,
				E7C4CF041B28376C00C030BC /* libsqlite3.dylib in Frameworks */,
				E7C4CF021B28370300C030BC /* WebKit.framework in Frameworks */,
				E7C4CF001B2836AE00C030BC /* CoreMotion.framework in Frameworks */,
				90A1AF5C18FD6C9B00F99322 /* AudioToolbox.framework in Frameworks */,
				90A1AF5A18FD6C9500F99322 /* AVFoundation.framework in Frameworks */,
				90A1AF5818FD6C6900F99322 /* iAd.framework in Frameworks */,
				905D81B7184CC226007AF71F /* MediaPlayer.framework in Frameworks */,
				905D81B6184CC220007AF71F /* CoreLocation.framework in Frameworks */,
				905D81B5184CC219007AF71F /* AdSupport.framework in Frameworks */,
				905D81B4184CC212007AF71F /* StoreKit.framework in Frameworks */,
				905D81B2184CC20C007AF71F /* EventKit.framework in Frameworks */,
				905D81B3184CC20C007AF71F /* EventKitUI.framework in Frameworks */,
				905D81B1184CC204007AF71F /* MessageUI.framework in Frameworks */,
				905D81B0184CC1FD007AF71F /* SystemConfiguration.framework in Frameworks */,
				90CB639918477599000F7634 /* CoreTelephony.framework in Frameworks */,
				0F19C2561503A1B8002CFB62 /* UIKit.framework in Frameworks */,
				0F19C2581503A1B8002CFB62 /* Foundation.framework in Frameworks */,
				904E041A1ACBED980080C634 /* GoogleMobileAds.framework in Frameworks */,
				E7E723351B651A530094C550 /* MobFox.framework in Frameworks */,
				0F19C25A1503A1B8002CFB62 /* CoreGraphics.framework in Frameworks */,
			);
			runOnlyForDeploymentPostprocessing = 0;
		};
/* End PBXFrameworksBuildPhase section */

/* Begin PBXGroup section */
		0F19C2461503A1B8002CFB62 = {
			isa = PBXGroup;
			children = (
				E3948854160C7045006092B8 /* Default-568h@2x.png */,
				0F19C25B1503A1B8002CFB62 /* MobFoxDemo */,
				0F19C2541503A1B8002CFB62 /* Frameworks */,
				0F19C2521503A1B8002CFB62 /* Products */,
			);
			sourceTree = "<group>";
		};
		0F19C2521503A1B8002CFB62 /* Products */ = {
			isa = PBXGroup;
			children = (
				0F19C2511503A1B8002CFB62 /* MobFoxDemo.app */,
			);
			name = Products;
			sourceTree = "<group>";
		};
		0F19C2541503A1B8002CFB62 /* Frameworks */ = {
			isa = PBXGroup;
			children = (
				E7E7231D1B651A530094C550 /* MobFox.embeddedframework */,
				E7C4CF091B28387500C030BC /* libz.dylib */,
				E7C4CF071B28381A00C030BC /* Accounts.framework */,
				E7C4CF051B28381500C030BC /* Social.framework */,
				E7C4CF031B28376C00C030BC /* libsqlite3.dylib */,
				E7C4CF011B28370300C030BC /* WebKit.framework */,
				E7C4CEFF1B2836AE00C030BC /* CoreMotion.framework */,
				904E04191ACBED980080C634 /* GoogleMobileAds.framework */,
				90A1AF5B18FD6C9B00F99322 /* AudioToolbox.framework */,
				90A1AF5918FD6C9500F99322 /* AVFoundation.framework */,
				90A1AF5718FD6C6900F99322 /* iAd.framework */,
				90CB639E184777D8000F7634 /* SystemConfiguration.framework */,
				90CB639C1847764E000F7634 /* MessageUI.framework */,
				90CB639A184775BB000F7634 /* CFNetwork.framework */,
				90CB639818477599000F7634 /* CoreTelephony.framework */,
				90CB63941847757D000F7634 /* EventKit.framework */,
				90CB63951847757D000F7634 /* EventKitUI.framework */,
				E381B606161F6D85001E2FA7 /* StoreKit.framework */,
				E3948850160C6EAB006092B8 /* AdSupport.framework */,
				0F19C2551503A1B8002CFB62 /* UIKit.framework */,
				0F19C2571503A1B8002CFB62 /* Foundation.framework */,
				0F19C2591503A1B8002CFB62 /* CoreGraphics.framework */,
				0F19C2771503A1FD002CFB62 /* CoreLocation.framework */,
				0F19C2751503A1EC002CFB62 /* MediaPlayer.framework */,
			);
			name = Frameworks;
			sourceTree = "<group>";
		};
		0F19C25B1503A1B8002CFB62 /* MobFoxDemo */ = {
			isa = PBXGroup;
			children = (
				0F19C2641503A1B8002CFB62 /* AppDelegate.h */,
				0F19C2651503A1B8002CFB62 /* AppDelegate.m */,
				0F19C2671503A1B8002CFB62 /* ViewController.h */,
				0F19C2681503A1B8002CFB62 /* ViewController.m */,
				90AC3AC2193C64AD0021402D /* NativeAdView_big.xib */,
				90AC3AC3193C64AD0021402D /* NativeAdView_small.xib */,
				90AC3AC4193C64AD0021402D /* ViewController_iPad.xib */,
				90AC3AC5193C64AD0021402D /* ViewController_iPhone.xib */,
				0F19C25C1503A1B8002CFB62 /* Supporting Files */,
				902483C81A35EA1F00DEF74D /* ConfigurePublisherIdsView.xib */,
				902483CA1A36E11E00DEF74D /* ConfigurePublishedIdsViewController.h */,
				902483CB1A36E11E00DEF74D /* ConfigurePublishedIdsViewController.m */,
				9070CB4F1A64076500125324 /* Images.xcassets */,
			);
			path = MobFoxDemo;
			sourceTree = "<group>";
		};
		0F19C25C1503A1B8002CFB62 /* Supporting Files */ = {
			isa = PBXGroup;
			children = (
				9070CB511A650FB500125324 /* MobFox_Logo@2x.png */,
				0F19C25D1503A1B8002CFB62 /* MobFoxDemo-Info.plist */,
				0F19C25E1503A1B8002CFB62 /* InfoPlist.strings */,
				0F19C2611503A1B8002CFB62 /* main.m */,
				0F19C2631503A1B8002CFB62 /* MobFoxDemo-Prefix.pch */,
				0FEAB99D15821B590027B46A /* MobFox_Logo.png */,
			);
			name = "Supporting Files";
			sourceTree = "<group>";
		};
		E7E7231D1B651A530094C550 /* MobFox.embeddedframework */ = {
			isa = PBXGroup;
			children = (
				E7E7231E1B651A530094C550 /* MobFox.framework */,
				E7E7231F1B651A530094C550 /* Resources */,
			);
			path = MobFox.embeddedframework;
			sourceTree = "<group>";
		};
		E7E7231F1B651A530094C550 /* Resources */ = {
			isa = PBXGroup;
			children = (
				E7E723201B651A530094C550 /* __vungle.db */,
				E7E723211B651A530094C550 /* fallback_320x480.mustache */,
				E7E723221B651A530094C550 /* fallback_320x50.mustache */,
				E7E723231B651A530094C550 /* index.html */,
				E7E723241B651A530094C550 /* inline-video.js */,
				E7E723251B651A530094C550 /* libs.js */,
				E7E723261B651A530094C550 /* LICENSE */,
				E7E723271B651A530094C550 /* LICENSE.txt */,
				E7E723281B651A530094C550 /* MPAdBrowserControllerMF.nib */,
				E7E723291B651A530094C550 /* MPCloseButtonX.png */,
				E7E7232A1B651A530094C550 /* MPCloseButtonX@2x.png */,
				E7E7232B1B651A530094C550 /* MRAID.bundle */,
				E7E7232C1B651A530094C550 /* README.markdown */,
				E7E7232D1B651A530094C550 /* README.md */,
				E7E7232E1B651A530094C550 /* render_template.html */,
				E7E7232F1B651A530094C550 /* vg_close.png */,
				E7E723301B651A530094C550 /* vg_cta.png */,
				E7E723311B651A530094C550 /* vg_mute_off.png */,
				E7E723321B651A530094C550 /* vg_mute_on.png */,
				E7E723331B651A530094C550 /* vg_timer.png */,
				E7E723341B651A530094C550 /* WebViewJavascriptBridge.js.txt */,
			);
			path = Resources;
			sourceTree = "<group>";
		};
/* End PBXGroup section */

/* Begin PBXNativeTarget section */
		0F19C2501503A1B8002CFB62 /* MobFoxDemo */ = {
			isa = PBXNativeTarget;
			buildConfigurationList = 0F19C2721503A1B8002CFB62 /* Build configuration list for PBXNativeTarget "MobFoxDemo" */;
			buildPhases = (
				0F19C24D1503A1B8002CFB62 /* Sources */,
				0F19C24E1503A1B8002CFB62 /* Frameworks */,
				0F19C24F1503A1B8002CFB62 /* Resources */,
			);
			buildRules = (
			);
			dependencies = (
			);
			name = MobFoxDemo;
			productName = MobFoxVideoInterstitialDemo;
			productReference = 0F19C2511503A1B8002CFB62 /* MobFoxDemo.app */;
			productType = "com.apple.product-type.application";
		};
/* End PBXNativeTarget section */

/* Begin PBXProject section */
		0F19C2481503A1B8002CFB62 /* Project object */ = {
			isa = PBXProject;
			attributes = {
				LastUpgradeCheck = 0430;
				ORGANIZATIONNAME = sendmetospace.co.uk;
			};
			buildConfigurationList = 0F19C24B1503A1B8002CFB62 /* Build configuration list for PBXProject "MobFoxDemo" */;
			compatibilityVersion = "Xcode 3.2";
			developmentRegion = English;
			hasScannedForEncodings = 0;
			knownRegions = (
				en,
			);
			mainGroup = 0F19C2461503A1B8002CFB62;
			productRefGroup = 0F19C2521503A1B8002CFB62 /* Products */;
			projectDirPath = "";
			projectRoot = "";
			targets = (
				0F19C2501503A1B8002CFB62 /* MobFoxDemo */,
			);
		};
/* End PBXProject section */

/* Begin PBXResourcesBuildPhase section */
		0F19C24F1503A1B8002CFB62 /* Resources */ = {
			isa = PBXResourcesBuildPhase;
			buildActionMask = 2147483647;
			files = (
				0F19C2601503A1B8002CFB62 /* InfoPlist.strings in Resources */,
				E7E723471B651A530094C550 /* vg_mute_off.png in Resources */,
				E7E723451B651A530094C550 /* vg_close.png in Resources */,
				E7E7233A1B651A530094C550 /* inline-video.js in Resources */,
				0FEAB99E15821B590027B46A /* MobFox_Logo.png in Resources */,
				E3948855160C7045006092B8 /* Default-568h@2x.png in Resources */,
				E7E723441B651A530094C550 /* render_template.html in Resources */,
				E7E723361B651A530094C550 /* __vungle.db in Resources */,
				90AC3AC8193C64AD0021402D /* ViewController_iPad.xib in Resources */,
				E7E723371B651A530094C550 /* fallback_320x480.mustache in Resources */,
				9070CB501A64076500125324 /* Images.xcassets in Resources */,
				E7E7233F1B651A530094C550 /* MPCloseButtonX.png in Resources */,
				E7E7233C1B651A530094C550 /* LICENSE in Resources */,
				E7E723391B651A530094C550 /* index.html in Resources */,
				90AC3AC7193C64AD0021402D /* NativeAdView_small.xib in Resources */,
				E7E723381B651A530094C550 /* fallback_320x50.mustache in Resources */,
				E7E723491B651A530094C550 /* vg_timer.png in Resources */,
				E7E7233D1B651A530094C550 /* LICENSE.txt in Resources */,
				902483C91A35EA1F00DEF74D /* ConfigurePublisherIdsView.xib in Resources */,
				E7E7234A1B651A530094C550 /* WebViewJavascriptBridge.js.txt in Resources */,
				E7E7233B1B651A530094C550 /* libs.js in Resources */,
				E7E723401B651A530094C550 /* MPCloseButtonX@2x.png in Resources */,
				E7E723481B651A530094C550 /* vg_mute_on.png in Resources */,
				E7E723411B651A530094C550 /* MRAID.bundle in Resources */,
				9070CB521A650FB500125324 /* MobFox_Logo@2x.png in Resources */,
				E7E723461B651A530094C550 /* vg_cta.png in Resources */,
				E7E7233E1B651A530094C550 /* MPAdBrowserControllerMF.nib in Resources */,
				90AC3AC6193C64AD0021402D /* NativeAdView_big.xib in Resources */,
				90AC3AC9193C64AD0021402D /* ViewController_iPhone.xib in Resources */,
			);
			runOnlyForDeploymentPostprocessing = 0;
		};
/* End PBXResourcesBuildPhase section */

/* Begin PBXSourcesBuildPhase section */
		0F19C24D1503A1B8002CFB62 /* Sources */ = {
			isa = PBXSourcesBuildPhase;
			buildActionMask = 2147483647;
			files = (
				E7E723431B651A530094C550 /* README.md in Sources */,
				0F19C2621503A1B8002CFB62 /* main.m in Sources */,
				E7E723421B651A530094C550 /* README.markdown in Sources */,
				902483CC1A36E11E00DEF74D /* ConfigurePublishedIdsViewController.m in Sources */,
				0F19C2661503A1B8002CFB62 /* AppDelegate.m in Sources */,
				0F19C2691503A1B8002CFB62 /* ViewController.m in Sources */,
			);
			runOnlyForDeploymentPostprocessing = 0;
		};
/* End PBXSourcesBuildPhase section */

/* Begin PBXVariantGroup section */
		0F19C25E1503A1B8002CFB62 /* InfoPlist.strings */ = {
			isa = PBXVariantGroup;
			children = (
				0F19C25F1503A1B8002CFB62 /* en */,
			);
			name = InfoPlist.strings;
			sourceTree = "<group>";
		};
/* End PBXVariantGroup section */

/* Begin XCBuildConfiguration section */
		0F19C2701503A1B8002CFB62 /* Debug */ = {
			isa = XCBuildConfiguration;
			buildSettings = {
				ALWAYS_SEARCH_USER_PATHS = NO;
				ARCHS = (
					"$(ARCHS_STANDARD_32_BIT)",
					armv6,
				);
				CLANG_ENABLE_OBJC_ARC = YES;
				"CODE_SIGN_IDENTITY[sdk=iphoneos*]" = "iPhone Developer";
				COPY_PHASE_STRIP = NO;
				GCC_C_LANGUAGE_STANDARD = gnu99;
				GCC_DYNAMIC_NO_PIC = NO;
				GCC_OPTIMIZATION_LEVEL = 0;
				GCC_PREPROCESSOR_DEFINITIONS = (
					"DEBUG=1",
					"$(inherited)",
				);
				GCC_SYMBOLS_PRIVATE_EXTERN = NO;
				GCC_THUMB_SUPPORT = NO;
				GCC_VERSION = com.apple.compilers.llvm.clang.1_0;
				GCC_WARN_ABOUT_MISSING_PROTOTYPES = YES;
				GCC_WARN_ABOUT_RETURN_TYPE = YES;
				GCC_WARN_UNUSED_VARIABLE = YES;
				IPHONEOS_DEPLOYMENT_TARGET = 4.0;
				SDKROOT = iphoneos;
				TARGETED_DEVICE_FAMILY = "1,2";
			};
			name = Debug;
		};
		0F19C2711503A1B8002CFB62 /* Release */ = {
			isa = XCBuildConfiguration;
			buildSettings = {
				ALWAYS_SEARCH_USER_PATHS = NO;
				ARCHS = (
					"$(ARCHS_STANDARD_32_BIT)",
					armv6,
				);
				CLANG_ENABLE_OBJC_ARC = YES;
				"CODE_SIGN_IDENTITY[sdk=iphoneos*]" = "iPhone Developer";
				COPY_PHASE_STRIP = YES;
				GCC_C_LANGUAGE_STANDARD = gnu99;
				GCC_THUMB_SUPPORT = NO;
				GCC_VERSION = com.apple.compilers.llvm.clang.1_0;
				GCC_WARN_ABOUT_MISSING_PROTOTYPES = YES;
				GCC_WARN_ABOUT_RETURN_TYPE = YES;
				GCC_WARN_UNUSED_VARIABLE = YES;
				IPHONEOS_DEPLOYMENT_TARGET = 4.0;
				OTHER_CFLAGS = "-DNS_BLOCK_ASSERTIONS=1";
				SDKROOT = iphoneos;
				TARGETED_DEVICE_FAMILY = "1,2";
				VALIDATE_PRODUCT = YES;
			};
			name = Release;
		};
		0F19C2731503A1B8002CFB62 /* Debug */ = {
			isa = XCBuildConfiguration;
			buildSettings = {
				ALWAYS_SEARCH_USER_PATHS = YES;
				ARCHS = "$(ARCHS_STANDARD)";
				ASSETCATALOG_COMPILER_APPICON_NAME = AppIcon;
				ASSETCATALOG_COMPILER_LAUNCHIMAGE_NAME = LaunchImage;
				CLANG_ENABLE_OBJC_ARC = YES;
				CLANG_WARN_OBJCPP_ARC_ABI = NO;
				"CODE_SIGN_IDENTITY[sdk=iphoneos*]" = "iPhone Developer";
				FRAMEWORK_SEARCH_PATHS = (
					"$(inherited)",
					"$(SRCROOT)",
					/Volumes/MacintoshData/Xcodeprojects/MobFoxDemo,
					/Users/michalkapuscinski/Desktop,
					"$(USER_LIBRARY_DIR)/Developer/Xcode/DerivedData/MobFoxSDKSource-ccqprjpzvviigadvubezgqpttdph/Build/Products/Debug-iphoneos",
					"$(PROJECT_DIR)",
					"$(PROJECT_DIR)/MobFox.embeddedframework",
					"$(USER_LIBRARY_DIR)/Developer/Xcode/DerivedData/MobFoxSDKSource-djqjwqmivcgxlihahurwhfcggskc/Build/Products/Debug-iphoneos",
				);
				GCC_PRECOMPILE_PREFIX_HEADER = YES;
				GCC_PREFIX_HEADER = "MobFoxDemo/MobFoxDemo-Prefix.pch";
				GCC_THUMB_SUPPORT = NO;
				INFOPLIST_FILE = "MobFoxDemo/MobFoxDemo-Info.plist";
				IPHONEOS_DEPLOYMENT_TARGET = 6.0;
				LIBRARY_SEARCH_PATHS = (
					"$(inherited)",
					"$(PROJECT_DIR)",
				);
				OTHER_LDFLAGS = "-ObjC";
				PRODUCT_NAME = MobFoxDemo;
				"PROVISIONING_PROFILE[sdk=iphoneos*]" = "";
				WRAPPER_EXTENSION = app;
			};
			name = Debug;
		};
		0F19C2741503A1B8002CFB62 /* Release */ = {
			isa = XCBuildConfiguration;
			buildSettings = {
				ALWAYS_SEARCH_USER_PATHS = YES;
				ARCHS = "$(ARCHS_STANDARD)";
				ASSETCATALOG_COMPILER_APPICON_NAME = AppIcon;
				ASSETCATALOG_COMPILER_LAUNCHIMAGE_NAME = LaunchImage;
				CLANG_ENABLE_OBJC_ARC = YES;
				CLANG_WARN_OBJCPP_ARC_ABI = NO;
				"CODE_SIGN_IDENTITY[sdk=iphoneos*]" = "iPhone Distribution";
				FRAMEWORK_SEARCH_PATHS = (
					"$(inherited)",
					"$(SRCROOT)",
					/Volumes/MacintoshData/Xcodeprojects/MobFoxDemo,
					/Users/michalkapuscinski/Desktop,
					"$(USER_LIBRARY_DIR)/Developer/Xcode/DerivedData/MobFoxSDKSource-ccqprjpzvviigadvubezgqpttdph/Build/Products/Debug-iphoneos",
					"$(PROJECT_DIR)",
					"$(PROJECT_DIR)/MobFox.embeddedframework",
					"$(USER_LIBRARY_DIR)/Developer/Xcode/DerivedData/MobFoxSDKSource-djqjwqmivcgxlihahurwhfcggskc/Build/Products/Debug-iphoneos",
				);
				GCC_PRECOMPILE_PREFIX_HEADER = YES;
				GCC_PREFIX_HEADER = "MobFoxDemo/MobFoxDemo-Prefix.pch";
				GCC_THUMB_SUPPORT = NO;
				INFOPLIST_FILE = "MobFoxDemo/MobFoxDemo-Info.plist";
				IPHONEOS_DEPLOYMENT_TARGET = 6.0;
				LIBRARY_SEARCH_PATHS = (
					"$(inherited)",
					"$(PROJECT_DIR)",
				);
				OTHER_LDFLAGS = "-ObjC";
				PRODUCT_NAME = MobFoxDemo;
				"PROVISIONING_PROFILE[sdk=iphoneos*]" = "";
				WRAPPER_EXTENSION = app;
			};
			name = Release;
		};
/* End XCBuildConfiguration section */

/* Begin XCConfigurationList section */
		0F19C24B1503A1B8002CFB62 /* Build configuration list for PBXProject "MobFoxDemo" */ = {
			isa = XCConfigurationList;
			buildConfigurations = (
				0F19C2701503A1B8002CFB62 /* Debug */,
				0F19C2711503A1B8002CFB62 /* Release */,
			);
			defaultConfigurationIsVisible = 0;
			defaultConfigurationName = Release;
		};
		0F19C2721503A1B8002CFB62 /* Build configuration list for PBXNativeTarget "MobFoxDemo" */ = {
			isa = XCConfigurationList;
			buildConfigurations = (
				0F19C2731503A1B8002CFB62 /* Debug */,
				0F19C2741503A1B8002CFB62 /* Release */,
			);
			defaultConfigurationIsVisible = 0;
			defaultConfigurationName = Release;
		};
/* End XCConfigurationList section */
	};
	rootObject = 0F19C2481503A1B8002CFB62 /* Project object */;
}
